
Microsoft Visual Studio Solution File, Format Version 12.00
# Visual Studio Version 17
VisualStudioVersion = 17.8.34525.116
MinimumVisualStudioVersion = 10.0.40219.1
Project("{FAE04EC0-301F-11D3-BF4B-00C04F79EFBC}") = "Lesson", "Lesson\Lesson.csproj", "{94C3EB8C-6944-40C5-B61A-A0770D95EC00}"
EndProject
Global
	GlobalSection(SolutionConfigurationPlatforms) = preSolution
		Debug|Any CPU = Debug|Any CPU
		Release|Any CPU = Release|Any CPU
	EndGlobalSection
	GlobalSection(ProjectConfigurationPlatforms) = postSolution
		{94C3EB8C-6944-40C5-B61A-A0770D95EC00}.Debug|Any CPU.ActiveCfg = Debug|Any CPU
		{94C3EB8C-6944-40C5-B61A-A0770D95EC00}.Debug|Any CPU.Build.0 = Debug|Any CPU
		{94C3EB8C-6944-40C5-B61A-A0770D95EC00}.Release|Any CPU.ActiveCfg = Release|Any CPU
		{94C3EB8C-6944-40C5-B61A-A0770D95EC00}.Release|Any CPU.Build.0 = Release|Any CPU
	EndGlobalSection
	GlobalSection(SolutionProperties) = preSolution
		HideSolutionNode = FALSE
	EndGlobalSection
	GlobalSection(ExtensibilityGlobals) = postSolution
		SolutionGuid = {5927A1EA-6765-47E4-B6AA-55E0AA9E4DFB}
	EndGlobalSection
EndGlobal
